<?xml version="1.0" encoding="utf-8"?>
<Project ToolsVersion="4.0" xmlns="http://schemas.microsoft.com/developer/msbuild/2003">
  <ItemGroup>
    <ClCompile Include="src\cvblobs\blob.cpp">
      <Filter>cvblobs</Filter>
    </ClCompile>
    <ClCompile Include="src\cvblobs\BlobContour.cpp">
      <Filter>cvblobs</Filter>
    </ClCompile>
    <ClCompile Include="src\cvblobs\BlobOperators.cpp">
      <Filter>cvblobs</Filter>
    </ClCompile>
    <ClCompile Include="src\cvblobs\BlobProperties.cpp">
      <Filter>cvblobs</Filter>
    </ClCompile>
    <ClCompile Include="src\cvblobs\BlobResult.cpp">
      <Filter>cvblobs</Filter>
    </ClCompile>
    <ClCompile Include="src\cvblobs\ComponentLabeling.cpp">
      <Filter>cvblobs</Filter>
    </ClCompile>
    <ClCompile Include="src\mftracker\bb.cpp">
      <Filter>mftracker</Filter>
    </ClCompile>
    <ClCompile Include="src\mftracker\bb_predict.cpp">
      <Filter>mftracker</Filter>
    </ClCompile>
    <ClCompile Include="src\mftracker\fbtrack.cpp">
      <Filter>mftracker</Filter>
    </ClCompile>
    <ClCompile Include="src\mftracker\lk.cpp">
      <Filter>mftracker</Filter>
    </ClCompile>
    <ClCompile Include="src\mftracker\median.cpp">
      <Filter>mftracker</Filter>
    </ClCompile>
    <ClCompile Include="src\tld\Clustering.cpp">
      <Filter>tld</Filter>
    </ClCompile>
    <ClCompile Include="src\tld\DetectionResult.cpp">
      <Filter>tld</Filter>
    </ClCompile>
    <ClCompile Include="src\tld\DetectorCascade.cpp">
      <Filter>tld</Filter>
    </ClCompile>
    <ClCompile Include="src\tld\EnsembleClassifier.cpp">
      <Filter>tld</Filter>
    </ClCompile>
    <ClCompile Include="src\tld\ForegroundDetector.cpp">
      <Filter>tld</Filter>
    </ClCompile>
    <ClCompile Include="src\tld\MedianFlowTracker.cpp">
      <Filter>tld</Filter>
    </ClCompile>
    <ClCompile Include="src\tld\NNClassifier.cpp">
      <Filter>tld</Filter>
    </ClCompile>
    <ClCompile Include="src\tld\TLD.cpp">
      <Filter>tld</Filter>
    </ClCompile>
    <ClCompile Include="src\tld\TLDUtil.cpp">
      <Filter>tld</Filter>
    </ClCompile>
    <ClCompile Include="src\tld\VarianceFilter.cpp">
      <Filter>tld</Filter>
    </ClCompile>
  </ItemGroup>
  <ItemGroup>
    <ClInclude Include="src\cvblobs\blob.h">
      <Filter>cvblobs</Filter>
    </ClInclude>
    <ClInclude Include="src\cvblobs\BlobContour.h">
      <Filter>cvblobs</Filter>
    </ClInclude>
    <ClInclude Include="src\cvblobs\BlobLibraryConfiguration.h">
      <Filter>cvblobs</Filter>
    </ClInclude>
    <ClInclude Include="src\cvblobs\BlobOperators.h">
      <Filter>cvblobs</Filter>
    </ClInclude>
    <ClInclude Include="src\cvblobs\BlobProperties.h">
      <Filter>cvblobs</Filter>
    </ClInclude>
    <ClInclude Include="src\cvblobs\BlobResult.h">
      <Filter>cvblobs</Filter>
    </ClInclude>
    <ClInclude Include="src\cvblobs\ComponentLabeling.h">
      <Filter>cvblobs</Filter>
    </ClInclude>
    <ClInclude Include="src\mftracker\bb.h">
      <Filter>mftracker</Filter>
    </ClInclude>
    <ClInclude Include="src\mftracker\bb_predict.h">
      <Filter>mftracker</Filter>
    </ClInclude>
    <ClInclude Include="src\mftracker\fbtrack.h">
      <Filter>mftracker</Filter>
    </ClInclude>
    <ClInclude Include="src\mftracker\lk.h">
      <Filter>mftracker</Filter>
    </ClInclude>
    <ClInclude Include="src\mftracker\median.h">
      <Filter>mftracker</Filter>
    </ClInclude>
    <ClInclude Include="src\tld\Clustering.h">
      <Filter>tld</Filter>
    </ClInclude>
    <ClInclude Include="src\tld\DetectionResult.h">
      <Filter>tld</Filter>
    </ClInclude>
    <ClInclude Include="src\tld\DetectorCascade.h">
      <Filter>tld</Filter>
    </ClInclude>
    <ClInclude Include="src\tld\EnsembleClassifier.h">
      <Filter>tld</Filter>
    </ClInclude>
    <ClInclude Include="src\tld\ForegroundDetector.h">
      <Filter>tld</Filter>
    </ClInclude>
    <ClInclude Include="src\tld\IntegralImage.h">
      <Filter>tld</Filter>
    </ClInclude>
    <ClInclude Include="src\tld\MedianFlowTracker.h">
      <Filter>tld</Filter>
    </ClInclude>
    <ClInclude Include="src\tld\NNClassifier.h">
      <Filter>tld</Filter>
    </ClInclude>
    <ClInclude Include="src\tld\NormalizedPatch.h">
      <Filter>tld</Filter>
    </ClInclude>
    <ClInclude Include="src\tld\TLD.h">
      <Filter>tld</Filter>
    </ClInclude>
    <ClInclude Include="src\tld\TLDUtil.h">
      <Filter>tld</Filter>
    </ClInclude>
    <ClInclude Include="src\tld\VarianceFilter.h">
      <Filter>tld</Filter>
    </ClInclude>
  </ItemGroup>
  <ItemGroup>
  </ItemGroup>
  <ItemGroup>
  </ItemGroup>
  <ItemGroup>
    <CustomBuild Include="CMakeLists.txt" />
  </ItemGroup>
  <ItemGroup>
    <Filter Include="cvblobs">
      <UniqueIdentifier>{CF5FBDEB-B417-4820-BD37-4D75406D131D}</UniqueIdentifier>
    </Filter>
    <Filter Include="mftracker">
      <UniqueIdentifier>{B4F84DEF-43D0-475B-A1F4-9A474C3A4B5B}</UniqueIdentifier>
    </Filter>
    <Filter Include="tld">
      <UniqueIdentifier>{FF2CD51C-3956-4774-8284-316E6658CC96}</UniqueIdentifier>
    </Filter>
  </ItemGroup>
  <ItemGroup>
  </ItemGroup>
</Project>
